{
  "name": "nwc",
  "version": "1.0.0",
  "lockfileVersion": 1,
  "requires": true,
  "dependencies": {
    "@angular/common": {
      "version": "4.4.7",
      "resolved": "https://registry.npmjs.org/@angular/common/-/common-4.4.7.tgz",
      "integrity": "sha512-5R0POjbT4CR+8vXS7P33SiozJpTEKDsHq07EMm90OCwoofU5DIKDLNyEqr362zsbpzGUTmhGbSiLZib5Qt4djA==",
      "requires": {
        "tslib": "1.9.3"
      }
    },
    "@angular/compiler": {
      "version": "4.4.7",
      "resolved": "https://registry.npmjs.org/@angular/compiler/-/compiler-4.4.7.tgz",
      "integrity": "sha512-aiRh86RqHMTgJ7xckQWzG2UTnq23+WuDVhYh/QL19R43areZLglqgtKSkfezg9aatO5CGzxDA3qL5WGhccQ5EQ==",
      "requires": {
        "tslib": "1.9.3"
      }
    },
    "@angular/core": {
      "version": "4.4.7",
      "resolved": "https://registry.npmjs.org/@angular/core/-/core-4.4.7.tgz",
      "integrity": "sha512-Jxs6gNTl5KjXflg5vi5rlnokq1johFccN94qSOgDv+Mg1iuGF2i9p7EHkw3Y8jBCVaSLw1qgHE+wMb6KTlJDLA==",
      "requires": {
        "tslib": "1.9.3"
      }
    },
    "angular": {
      "version": "1.7.4",
      "resolved": "https://registry.npmjs.org/angular/-/angular-1.7.4.tgz",
      "integrity": "sha512-nYTWc9CpZjTY57l8EA1+DGpQNzI6HewQ34bfRYoGXBYysIoPYjfcgTGWC+Vl3AaeCnhAb3VTkysVESvCBpUIoA=="
    },
    "angular-animate": {
      "version": "1.7.4",
      "resolved": "https://registry.npmjs.org/angular-animate/-/angular-animate-1.7.4.tgz",
      "integrity": "sha512-9IzpAd39tzV6CL/kfNpkGFpVLHagHq8XpuCmPy+BfqwxzZOkCnSNtIJA0dfO0nKXg7j9UYGapboQeSuv+creSQ=="
    },
    "angular-aria": {
      "version": "1.7.4",
      "resolved": "https://registry.npmjs.org/angular-aria/-/angular-aria-1.7.4.tgz",
      "integrity": "sha512-nmZ7xjvVMm1PVEvJ360gJQqEF4FGRdTFWZtDOE4+uHGZZlVJeCEcsrnZCONX4qyK3rrRHUFSHZc1OV8+heGrhw=="
    },
    "angular-location-update": {
      "version": "0.0.2",
      "resolved": "https://registry.npmjs.org/angular-location-update/-/angular-location-update-0.0.2.tgz",
      "integrity": "sha1-ldncB4OA7nVAx1SPqUy/JZNQTZE="
    },
    "angular-material": {
      "version": "1.1.10",
      "resolved": "https://registry.npmjs.org/angular-material/-/angular-material-1.1.10.tgz",
      "integrity": "sha512-LfBt5a1AVPbtsFzbmAyyZj90Gtc1U94OGtfMEauGzwsfqTnbH/y/9dtndH84N9S65wXkBoBe3VG6kfyoQSeCVw=="
    },
    "angular-messages": {
      "version": "1.7.4",
      "resolved": "https://registry.npmjs.org/angular-messages/-/angular-messages-1.7.4.tgz",
      "integrity": "sha512-Tw4DbtTm2O0BwJxWeJwX5mk2gDuGJM8I4aBWAqG3ci/pgQQWRMYo8JXTaZ1rzaEoYo7n5F2ruXaN8jlcbHcsQw=="
    },
    "angular-route": {
      "version": "1.7.4",
      "resolved": "https://registry.npmjs.org/angular-route/-/angular-route-1.7.4.tgz",
      "integrity": "sha512-z7HjNixxCdU7Th12jeXS/MS9QV320AVIOHmZ39guXZMJY4fR3defC/uyzhJyEiiw2ySXfg/PWjWdterw82CVig=="
    },
    "angular-touch": {
      "version": "1.7.4",
      "resolved": "https://registry.npmjs.org/angular-touch/-/angular-touch-1.7.4.tgz",
      "integrity": "sha512-hOArTyaOFn5gbpzc4XAmq2ctwen2slaWV9fTsQSOPUgF3/vXo6+in7u/5UZ0Qp8CvNiHu4mskG2sTvHftn2/jQ=="
    },
    "angular-ui-bootstrap": {
      "version": "2.5.6",
      "resolved": "https://registry.npmjs.org/angular-ui-bootstrap/-/angular-ui-bootstrap-2.5.6.tgz",
      "integrity": "sha512-yzcHpPMLQl0232nDzm5P4iAFTFQ9dMw0QgFLuKYbDj9M0xJ62z0oudYD/Lvh1pWfRsukiytP4Xj6BHOSrSXP8A=="
    },
    "angular-ui-grid": {
      "version": "4.6.3",
      "resolved": "https://registry.npmjs.org/angular-ui-grid/-/angular-ui-grid-4.6.3.tgz",
      "integrity": "sha512-90TVl0UdNWHB7FAbjhnsS1Iv/bMAICM6THkdUZtsr5TkEDR9HL8prDRSVLGFNFzOEtbEqdjfj7VTw+rakePSBQ==",
      "requires": {
        "angular": "1.7.4"
      }
    },
    "bootstrap": {
      "version": "3.3.7",
      "resolved": "https://registry.npmjs.org/bootstrap/-/bootstrap-3.3.7.tgz",
      "integrity": "sha1-WjiTlFSfIzMIdaOxUGVldPip63E="
    },
    "checklist-model": {
      "version": "1.0.0",
      "resolved": "https://registry.npmjs.org/checklist-model/-/checklist-model-1.0.0.tgz",
      "integrity": "sha512-ZDaTrfKeUSleZjyNqTjD1+QKU6iK1qlXH1GwixX59xEKPiRFu4anDh0U8brNjjEef+SM6vyQb87YWhI5CU8eNg=="
    },
    "jquery": {
      "version": "3.3.1",
      "resolved": "https://registry.npmjs.org/jquery/-/jquery-3.3.1.tgz",
      "integrity": "sha512-Ubldcmxp5np52/ENotGxlLe6aGMvmF4R8S6tZjsP6Knsaxd/xp3Zrh50cG93lR6nPXyUFwzN3ZSOQI0wRJNdGg=="
    },
    "lodash": {
      "version": "4.17.11",
      "resolved": "https://registry.npmjs.org/lodash/-/lodash-4.17.11.tgz",
      "integrity": "sha512-cQKh8igo5QUhZ7lg38DYWAxMvjSAKG0A8wGSVimP07SIUEK2UO+arSRKbRZWtelMtN5V0Hkwh5ryOto/SshYIg=="
    },
    "rxjs": {
      "version": "5.5.12",
      "resolved": "https://registry.npmjs.org/rxjs/-/rxjs-5.5.12.tgz",
      "integrity": "sha512-xx2itnL5sBbqeeiVgNPVuQQ1nC8Jp2WfNJhXWHmElW9YmrpS9UVnNzhP3EH3HFqexO5Tlp8GhYY+WEcqcVMvGw==",
      "requires": {
        "symbol-observable": "1.0.1"
      }
    },
    "symbol-observable": {
      "version": "1.0.1",
      "resolved": "https://registry.npmjs.org/symbol-observable/-/symbol-observable-1.0.1.tgz",
      "integrity": "sha1-g0D8RwLDEi310iKI+IKD9RPT/dQ="
    },
    "tslib": {
      "version": "1.9.3",
      "resolved": "https://registry.npmjs.org/tslib/-/tslib-1.9.3.tgz",
      "integrity": "sha512-4krF8scpejhaOgqzBEcGM7yDIEfi0/8+8zDRZhNZZ2kjmHJ4hv3zCbQWxoJGz1iw5U0Jl0nma13xzHXcncMavQ=="
    },
    "zone.js": {
      "version": "0.8.26",
      "resolved": "https://registry.npmjs.org/zone.js/-/zone.js-0.8.26.tgz",
      "integrity": "sha512-W9Nj+UmBJG251wkCacIkETgra4QgBo/vgoEkb4a2uoLzpQG7qF9nzwoLXWU5xj3Fg2mxGvEDh47mg24vXccYjA=="
    }
  }
}
